
Microsoft Visual Studio Solution File, Format Version 12.00
Project("{2150E333-8FDC-42A3-9474-1A3956D46DE8}") = "Services", "Services", "{367A1143-7CF5-4C93-988E-973D2A92D455}"
EndProject
Project("{2150E333-8FDC-42A3-9474-1A3956D46DE8}") = "Catalog", "Catalog", "{43777267-6F65-4AC5-BE66-6A7ED6024328}"
EndProject
Project("{2150E333-8FDC-42A3-9474-1A3956D46DE8}") = "Discount", "Discount", "{58D7B87F-2988-4E75-B449-47912ACDC6AC}"
EndProject
Project("{FAE04EC0-301F-11D3-BF4B-00C04F79EFBC}") = "Tumin.Discount", "Services\Discount\Tumin.Discount\Tumin.Discount.csproj", "{24E785A2-5E07-4A88-A8C7-FCADAFACC9FC}"
EndProject
Project("{FAE04EC0-301F-11D3-BF4B-00C04F79EFBC}") = "Tumin.Catalog", "Services\Catalog\Tumin.Catalog\Tumin.Catalog.csproj", "{239440BA-D2F1-4A96-80DC-1D046F749E13}"
EndProject
Project("{2150E333-8FDC-42A3-9474-1A3956D46DE8}") = "Order", "Order", "{A15AAA19-AE30-4ED1-B8B5-AAF447402F47}"
EndProject
Project("{2150E333-8FDC-42A3-9474-1A3956D46DE8}") = "Core", "Core", "{925727C7-A4DB-4F5D-BE46-8F661133EE9C}"
EndProject
Project("{2150E333-8FDC-42A3-9474-1A3956D46DE8}") = "Infrastructure", "Infrastructure", "{C15F1977-44CA-4EEA-841C-01780811EAE7}"
EndProject
Project("{2150E333-8FDC-42A3-9474-1A3956D46DE8}") = "Presentation", "Presentation", "{78CAC633-D0F0-4E56-BDEC-B417B3D50E08}"
EndProject
Project("{FAE04EC0-301F-11D3-BF4B-00C04F79EFBC}") = "Tumin.Order.Domain", "Services\Order\Core\Tumin.Order.Domain\Tumin.Order.Domain.csproj", "{B983A416-18C2-4418-AF26-5074ACDAAEB0}"
EndProject
Project("{FAE04EC0-301F-11D3-BF4B-00C04F79EFBC}") = "Tumin.Order.Application", "Services\Order\Core\Tumin.Order.Application\Tumin.Order.Application.csproj", "{8284A898-91BF-475E-90B6-DCFE573B3F47}"
EndProject
Project("{FAE04EC0-301F-11D3-BF4B-00C04F79EFBC}") = "Tumin.Order.Persistence", "Services\Order\Infrastructure\Tumin.Order.Persistence\Tumin.Order.Persistence.csproj", "{DB7C5E98-BD28-4102-BA14-752EE2B27223}"
EndProject
Project("{FAE04EC0-301F-11D3-BF4B-00C04F79EFBC}") = "Tumin.Order.WebApi", "Services\Order\Presentation\Tumin.Order.WebApi\Tumin.Order.WebApi.csproj", "{83125E59-E1DA-4AC3-BF48-2565C0728C8C}"
EndProject
Global
	GlobalSection(SolutionConfigurationPlatforms) = preSolution
		Debug|Any CPU = Debug|Any CPU
		Release|Any CPU = Release|Any CPU
	EndGlobalSection
	GlobalSection(NestedProjects) = preSolution
		{43777267-6F65-4AC5-BE66-6A7ED6024328} = {367A1143-7CF5-4C93-988E-973D2A92D455}
		{58D7B87F-2988-4E75-B449-47912ACDC6AC} = {367A1143-7CF5-4C93-988E-973D2A92D455}
		{24E785A2-5E07-4A88-A8C7-FCADAFACC9FC} = {58D7B87F-2988-4E75-B449-47912ACDC6AC}
		{239440BA-D2F1-4A96-80DC-1D046F749E13} = {43777267-6F65-4AC5-BE66-6A7ED6024328}
		{A15AAA19-AE30-4ED1-B8B5-AAF447402F47} = {367A1143-7CF5-4C93-988E-973D2A92D455}
		{925727C7-A4DB-4F5D-BE46-8F661133EE9C} = {A15AAA19-AE30-4ED1-B8B5-AAF447402F47}
		{C15F1977-44CA-4EEA-841C-01780811EAE7} = {A15AAA19-AE30-4ED1-B8B5-AAF447402F47}
		{78CAC633-D0F0-4E56-BDEC-B417B3D50E08} = {A15AAA19-AE30-4ED1-B8B5-AAF447402F47}
		{B983A416-18C2-4418-AF26-5074ACDAAEB0} = {925727C7-A4DB-4F5D-BE46-8F661133EE9C}
		{8284A898-91BF-475E-90B6-DCFE573B3F47} = {925727C7-A4DB-4F5D-BE46-8F661133EE9C}
		{DB7C5E98-BD28-4102-BA14-752EE2B27223} = {C15F1977-44CA-4EEA-841C-01780811EAE7}
		{83125E59-E1DA-4AC3-BF48-2565C0728C8C} = {78CAC633-D0F0-4E56-BDEC-B417B3D50E08}
	EndGlobalSection
	GlobalSection(ProjectConfigurationPlatforms) = postSolution
		{24E785A2-5E07-4A88-A8C7-FCADAFACC9FC}.Debug|Any CPU.ActiveCfg = Debug|Any CPU
		{24E785A2-5E07-4A88-A8C7-FCADAFACC9FC}.Debug|Any CPU.Build.0 = Debug|Any CPU
		{24E785A2-5E07-4A88-A8C7-FCADAFACC9FC}.Release|Any CPU.ActiveCfg = Release|Any CPU
		{24E785A2-5E07-4A88-A8C7-FCADAFACC9FC}.Release|Any CPU.Build.0 = Release|Any CPU
		{239440BA-D2F1-4A96-80DC-1D046F749E13}.Debug|Any CPU.ActiveCfg = Debug|Any CPU
		{239440BA-D2F1-4A96-80DC-1D046F749E13}.Debug|Any CPU.Build.0 = Debug|Any CPU
		{239440BA-D2F1-4A96-80DC-1D046F749E13}.Release|Any CPU.ActiveCfg = Release|Any CPU
		{239440BA-D2F1-4A96-80DC-1D046F749E13}.Release|Any CPU.Build.0 = Release|Any CPU
		{B983A416-18C2-4418-AF26-5074ACDAAEB0}.Debug|Any CPU.ActiveCfg = Debug|Any CPU
		{B983A416-18C2-4418-AF26-5074ACDAAEB0}.Debug|Any CPU.Build.0 = Debug|Any CPU
		{B983A416-18C2-4418-AF26-5074ACDAAEB0}.Release|Any CPU.ActiveCfg = Release|Any CPU
		{B983A416-18C2-4418-AF26-5074ACDAAEB0}.Release|Any CPU.Build.0 = Release|Any CPU
		{8284A898-91BF-475E-90B6-DCFE573B3F47}.Debug|Any CPU.ActiveCfg = Debug|Any CPU
		{8284A898-91BF-475E-90B6-DCFE573B3F47}.Debug|Any CPU.Build.0 = Debug|Any CPU
		{8284A898-91BF-475E-90B6-DCFE573B3F47}.Release|Any CPU.ActiveCfg = Release|Any CPU
		{8284A898-91BF-475E-90B6-DCFE573B3F47}.Release|Any CPU.Build.0 = Release|Any CPU
		{DB7C5E98-BD28-4102-BA14-752EE2B27223}.Debug|Any CPU.ActiveCfg = Debug|Any CPU
		{DB7C5E98-BD28-4102-BA14-752EE2B27223}.Debug|Any CPU.Build.0 = Debug|Any CPU
		{DB7C5E98-BD28-4102-BA14-752EE2B27223}.Release|Any CPU.ActiveCfg = Release|Any CPU
		{DB7C5E98-BD28-4102-BA14-752EE2B27223}.Release|Any CPU.Build.0 = Release|Any CPU
		{83125E59-E1DA-4AC3-BF48-2565C0728C8C}.Debug|Any CPU.ActiveCfg = Debug|Any CPU
		{83125E59-E1DA-4AC3-BF48-2565C0728C8C}.Debug|Any CPU.Build.0 = Debug|Any CPU
		{83125E59-E1DA-4AC3-BF48-2565C0728C8C}.Release|Any CPU.ActiveCfg = Release|Any CPU
		{83125E59-E1DA-4AC3-BF48-2565C0728C8C}.Release|Any CPU.Build.0 = Release|Any CPU
	EndGlobalSection
EndGlobal
