
Microsoft Visual Studio Solution File, Format Version 12.00
Project("{2150E333-8FDC-42A3-9474-1A3956D46DE8}") = "Services", "Services", "{367A1143-7CF5-4C93-988E-973D2A92D455}"
EndProject
Project("{2150E333-8FDC-42A3-9474-1A3956D46DE8}") = "Catalog", "Catalog", "{43777267-6F65-4AC5-BE66-6A7ED6024328}"
EndProject
Project("{2150E333-8FDC-42A3-9474-1A3956D46DE8}") = "Discount", "Discount", "{58D7B87F-2988-4E75-B449-47912ACDC6AC}"
EndProject
Project("{FAE04EC0-301F-11D3-BF4B-00C04F79EFBC}") = "Tumin.Discount", "Services\Discount\Tumin.Discount\Tumin.Discount.csproj", "{24E785A2-5E07-4A88-A8C7-FCADAFACC9FC}"
EndProject
Project("{FAE04EC0-301F-11D3-BF4B-00C04F79EFBC}") = "Tumin.Catalog", "Services\Catalog\Tumin.Catalog\Tumin.Catalog.csproj", "{239440BA-D2F1-4A96-80DC-1D046F749E13}"
EndProject
Project("{2150E333-8FDC-42A3-9474-1A3956D46DE8}") = "Order", "Order", "{A15AAA19-AE30-4ED1-B8B5-AAF447402F47}"
EndProject
Project("{2150E333-8FDC-42A3-9474-1A3956D46DE8}") = "Core", "Core", "{925727C7-A4DB-4F5D-BE46-8F661133EE9C}"
EndProject
Project("{2150E333-8FDC-42A3-9474-1A3956D46DE8}") = "Infrastructure", "Infrastructure", "{C15F1977-44CA-4EEA-841C-01780811EAE7}"
EndProject
Project("{2150E333-8FDC-42A3-9474-1A3956D46DE8}") = "Presentation", "Presentation", "{78CAC633-D0F0-4E56-BDEC-B417B3D50E08}"
EndProject
Project("{FAE04EC0-301F-11D3-BF4B-00C04F79EFBC}") = "Tumin.Order.Domain", "Services\Order\Core\Tumin.Order.Domain\Tumin.Order.Domain.csproj", "{B983A416-18C2-4418-AF26-5074ACDAAEB0}"
EndProject
Project("{FAE04EC0-301F-11D3-BF4B-00C04F79EFBC}") = "Tumin.Order.Application", "Services\Order\Core\Tumin.Order.Application\Tumin.Order.Application.csproj", "{8284A898-91BF-475E-90B6-DCFE573B3F47}"
EndProject
Project("{FAE04EC0-301F-11D3-BF4B-00C04F79EFBC}") = "Tumin.Order.Persistence", "Services\Order\Infrastructure\Tumin.Order.Persistence\Tumin.Order.Persistence.csproj", "{DB7C5E98-BD28-4102-BA14-752EE2B27223}"
EndProject
Project("{FAE04EC0-301F-11D3-BF4B-00C04F79EFBC}") = "Tumin.Order.WebApi", "Services\Order\Presentation\Tumin.Order.WebApi\Tumin.Order.WebApi.csproj", "{83125E59-E1DA-4AC3-BF48-2565C0728C8C}"
EndProject
Project("{2150E333-8FDC-42A3-9474-1A3956D46DE8}") = "IdentityServer", "IdentityServer", "{974C0FC2-EC68-4696-B2FE-83220D936C57}"
EndProject
Project("{FAE04EC0-301F-11D3-BF4B-00C04F79EFBC}") = "Tumin.IdentityServer", "IdentityServer\Tumin.IdentityServer\Tumin.IdentityServer.csproj", "{422AD230-0102-4FAC-8286-B38D7D57DFD5}"
EndProject
Project("{2150E333-8FDC-42A3-9474-1A3956D46DE8}") = "Cargo", "Cargo", "{A1BA33AC-B0D6-467A-85A2-A38E31306AF1}"
EndProject
Project("{FAE04EC0-301F-11D3-BF4B-00C04F79EFBC}") = "Tumin.Cargo.BusinessLayer", "Services\Cargo\Tumin.Cargo.BusinessLayer\Tumin.Cargo.BusinessLayer.csproj", "{AB3333F5-518B-4F71-9601-612E96FC3628}"
EndProject
Project("{FAE04EC0-301F-11D3-BF4B-00C04F79EFBC}") = "Tumin.Cargo.EntityLayer", "Services\Cargo\Tumin.Cargo.EntityLayer\Tumin.Cargo.EntityLayer.csproj", "{DD431B14-D570-428A-BBDD-879C98920911}"
EndProject
Project("{FAE04EC0-301F-11D3-BF4B-00C04F79EFBC}") = "Tumin.Cargo.DataAccessLayer", "Services\Cargo\Tumin.Cargo.DataAccessLayer\Tumin.Cargo.DataAccessLayer.csproj", "{0D81B7C2-EDA6-474E-99B3-1838F442A365}"
EndProject
Project("{FAE04EC0-301F-11D3-BF4B-00C04F79EFBC}") = "Tumin.Cargo.DtoLayer", "Services\Cargo\Tumin.Cargo.DtoLayer\Tumin.Cargo.DtoLayer.csproj", "{16F47A62-228D-4A1E-B8A5-30A63386FF35}"
EndProject
Project("{FAE04EC0-301F-11D3-BF4B-00C04F79EFBC}") = "Tumin.Cargo.WebApi", "Services\Cargo\Tumin.Cargo.WebApi\Tumin.Cargo.WebApi.csproj", "{54EF6D81-294F-4DB0-AAF7-2B07D97A99DA}"
EndProject
Global
	GlobalSection(SolutionConfigurationPlatforms) = preSolution
		Debug|Any CPU = Debug|Any CPU
		Release|Any CPU = Release|Any CPU
	EndGlobalSection
	GlobalSection(NestedProjects) = preSolution
		{43777267-6F65-4AC5-BE66-6A7ED6024328} = {367A1143-7CF5-4C93-988E-973D2A92D455}
		{58D7B87F-2988-4E75-B449-47912ACDC6AC} = {367A1143-7CF5-4C93-988E-973D2A92D455}
		{24E785A2-5E07-4A88-A8C7-FCADAFACC9FC} = {58D7B87F-2988-4E75-B449-47912ACDC6AC}
		{239440BA-D2F1-4A96-80DC-1D046F749E13} = {43777267-6F65-4AC5-BE66-6A7ED6024328}
		{A15AAA19-AE30-4ED1-B8B5-AAF447402F47} = {367A1143-7CF5-4C93-988E-973D2A92D455}
		{925727C7-A4DB-4F5D-BE46-8F661133EE9C} = {A15AAA19-AE30-4ED1-B8B5-AAF447402F47}
		{C15F1977-44CA-4EEA-841C-01780811EAE7} = {A15AAA19-AE30-4ED1-B8B5-AAF447402F47}
		{78CAC633-D0F0-4E56-BDEC-B417B3D50E08} = {A15AAA19-AE30-4ED1-B8B5-AAF447402F47}
		{B983A416-18C2-4418-AF26-5074ACDAAEB0} = {925727C7-A4DB-4F5D-BE46-8F661133EE9C}
		{8284A898-91BF-475E-90B6-DCFE573B3F47} = {925727C7-A4DB-4F5D-BE46-8F661133EE9C}
		{DB7C5E98-BD28-4102-BA14-752EE2B27223} = {C15F1977-44CA-4EEA-841C-01780811EAE7}
		{83125E59-E1DA-4AC3-BF48-2565C0728C8C} = {78CAC633-D0F0-4E56-BDEC-B417B3D50E08}
		{422AD230-0102-4FAC-8286-B38D7D57DFD5} = {974C0FC2-EC68-4696-B2FE-83220D936C57}
		{A1BA33AC-B0D6-467A-85A2-A38E31306AF1} = {367A1143-7CF5-4C93-988E-973D2A92D455}
		{AB3333F5-518B-4F71-9601-612E96FC3628} = {A1BA33AC-B0D6-467A-85A2-A38E31306AF1}
		{DD431B14-D570-428A-BBDD-879C98920911} = {A1BA33AC-B0D6-467A-85A2-A38E31306AF1}
		{0D81B7C2-EDA6-474E-99B3-1838F442A365} = {A1BA33AC-B0D6-467A-85A2-A38E31306AF1}
		{16F47A62-228D-4A1E-B8A5-30A63386FF35} = {A1BA33AC-B0D6-467A-85A2-A38E31306AF1}
		{54EF6D81-294F-4DB0-AAF7-2B07D97A99DA} = {A1BA33AC-B0D6-467A-85A2-A38E31306AF1}
	EndGlobalSection
	GlobalSection(ProjectConfigurationPlatforms) = postSolution
		{24E785A2-5E07-4A88-A8C7-FCADAFACC9FC}.Debug|Any CPU.ActiveCfg = Debug|Any CPU
		{24E785A2-5E07-4A88-A8C7-FCADAFACC9FC}.Debug|Any CPU.Build.0 = Debug|Any CPU
		{24E785A2-5E07-4A88-A8C7-FCADAFACC9FC}.Release|Any CPU.ActiveCfg = Release|Any CPU
		{24E785A2-5E07-4A88-A8C7-FCADAFACC9FC}.Release|Any CPU.Build.0 = Release|Any CPU
		{239440BA-D2F1-4A96-80DC-1D046F749E13}.Debug|Any CPU.ActiveCfg = Debug|Any CPU
		{239440BA-D2F1-4A96-80DC-1D046F749E13}.Debug|Any CPU.Build.0 = Debug|Any CPU
		{239440BA-D2F1-4A96-80DC-1D046F749E13}.Release|Any CPU.ActiveCfg = Release|Any CPU
		{239440BA-D2F1-4A96-80DC-1D046F749E13}.Release|Any CPU.Build.0 = Release|Any CPU
		{B983A416-18C2-4418-AF26-5074ACDAAEB0}.Debug|Any CPU.ActiveCfg = Debug|Any CPU
		{B983A416-18C2-4418-AF26-5074ACDAAEB0}.Debug|Any CPU.Build.0 = Debug|Any CPU
		{B983A416-18C2-4418-AF26-5074ACDAAEB0}.Release|Any CPU.ActiveCfg = Release|Any CPU
		{B983A416-18C2-4418-AF26-5074ACDAAEB0}.Release|Any CPU.Build.0 = Release|Any CPU
		{8284A898-91BF-475E-90B6-DCFE573B3F47}.Debug|Any CPU.ActiveCfg = Debug|Any CPU
		{8284A898-91BF-475E-90B6-DCFE573B3F47}.Debug|Any CPU.Build.0 = Debug|Any CPU
		{8284A898-91BF-475E-90B6-DCFE573B3F47}.Release|Any CPU.ActiveCfg = Release|Any CPU
		{8284A898-91BF-475E-90B6-DCFE573B3F47}.Release|Any CPU.Build.0 = Release|Any CPU
		{DB7C5E98-BD28-4102-BA14-752EE2B27223}.Debug|Any CPU.ActiveCfg = Debug|Any CPU
		{DB7C5E98-BD28-4102-BA14-752EE2B27223}.Debug|Any CPU.Build.0 = Debug|Any CPU
		{DB7C5E98-BD28-4102-BA14-752EE2B27223}.Release|Any CPU.ActiveCfg = Release|Any CPU
		{DB7C5E98-BD28-4102-BA14-752EE2B27223}.Release|Any CPU.Build.0 = Release|Any CPU
		{83125E59-E1DA-4AC3-BF48-2565C0728C8C}.Debug|Any CPU.ActiveCfg = Debug|Any CPU
		{83125E59-E1DA-4AC3-BF48-2565C0728C8C}.Debug|Any CPU.Build.0 = Debug|Any CPU
		{83125E59-E1DA-4AC3-BF48-2565C0728C8C}.Release|Any CPU.ActiveCfg = Release|Any CPU
		{83125E59-E1DA-4AC3-BF48-2565C0728C8C}.Release|Any CPU.Build.0 = Release|Any CPU
		{422AD230-0102-4FAC-8286-B38D7D57DFD5}.Debug|Any CPU.ActiveCfg = Debug|Any CPU
		{422AD230-0102-4FAC-8286-B38D7D57DFD5}.Debug|Any CPU.Build.0 = Debug|Any CPU
		{422AD230-0102-4FAC-8286-B38D7D57DFD5}.Release|Any CPU.ActiveCfg = Release|Any CPU
		{422AD230-0102-4FAC-8286-B38D7D57DFD5}.Release|Any CPU.Build.0 = Release|Any CPU
		{AB3333F5-518B-4F71-9601-612E96FC3628}.Debug|Any CPU.ActiveCfg = Debug|Any CPU
		{AB3333F5-518B-4F71-9601-612E96FC3628}.Debug|Any CPU.Build.0 = Debug|Any CPU
		{AB3333F5-518B-4F71-9601-612E96FC3628}.Release|Any CPU.ActiveCfg = Release|Any CPU
		{AB3333F5-518B-4F71-9601-612E96FC3628}.Release|Any CPU.Build.0 = Release|Any CPU
		{DD431B14-D570-428A-BBDD-879C98920911}.Debug|Any CPU.ActiveCfg = Debug|Any CPU
		{DD431B14-D570-428A-BBDD-879C98920911}.Debug|Any CPU.Build.0 = Debug|Any CPU
		{DD431B14-D570-428A-BBDD-879C98920911}.Release|Any CPU.ActiveCfg = Release|Any CPU
		{DD431B14-D570-428A-BBDD-879C98920911}.Release|Any CPU.Build.0 = Release|Any CPU
		{0D81B7C2-EDA6-474E-99B3-1838F442A365}.Debug|Any CPU.ActiveCfg = Debug|Any CPU
		{0D81B7C2-EDA6-474E-99B3-1838F442A365}.Debug|Any CPU.Build.0 = Debug|Any CPU
		{0D81B7C2-EDA6-474E-99B3-1838F442A365}.Release|Any CPU.ActiveCfg = Release|Any CPU
		{0D81B7C2-EDA6-474E-99B3-1838F442A365}.Release|Any CPU.Build.0 = Release|Any CPU
		{16F47A62-228D-4A1E-B8A5-30A63386FF35}.Debug|Any CPU.ActiveCfg = Debug|Any CPU
		{16F47A62-228D-4A1E-B8A5-30A63386FF35}.Debug|Any CPU.Build.0 = Debug|Any CPU
		{16F47A62-228D-4A1E-B8A5-30A63386FF35}.Release|Any CPU.ActiveCfg = Release|Any CPU
		{16F47A62-228D-4A1E-B8A5-30A63386FF35}.Release|Any CPU.Build.0 = Release|Any CPU
		{54EF6D81-294F-4DB0-AAF7-2B07D97A99DA}.Debug|Any CPU.ActiveCfg = Debug|Any CPU
		{54EF6D81-294F-4DB0-AAF7-2B07D97A99DA}.Debug|Any CPU.Build.0 = Debug|Any CPU
		{54EF6D81-294F-4DB0-AAF7-2B07D97A99DA}.Release|Any CPU.ActiveCfg = Release|Any CPU
		{54EF6D81-294F-4DB0-AAF7-2B07D97A99DA}.Release|Any CPU.Build.0 = Release|Any CPU
	EndGlobalSection
EndGlobal
